
Microsoft Visual Studio Solution File, Format Version 12.00
# Visual Studio Version 17
VisualStudioVersion = 17.14.36109.1 d17.14
MinimumVisualStudioVersion = 10.0.40219.1
Project("{FAE04EC0-301F-11D3-BF4B-00C04F79EFBC}") = "Series", "Series\Series.csproj", "{D078C897-33A0-4CD1-BAD6-B2C7FE8C4E2C}"
EndProject
Global
	GlobalSection(SolutionConfigurationPlatforms) = preSolution
		Debug|Any CPU = Debug|Any CPU
		Release|Any CPU = Release|Any CPU
	EndGlobalSection
	GlobalSection(ProjectConfigurationPlatforms) = postSolution
		{D078C897-33A0-4CD1-BAD6-B2C7FE8C4E2C}.Debug|Any CPU.ActiveCfg = Debug|Any CPU
		{D078C897-33A0-4CD1-BAD6-B2C7FE8C4E2C}.Debug|Any CPU.Build.0 = Debug|Any CPU
		{D078C897-33A0-4CD1-BAD6-B2C7FE8C4E2C}.Release|Any CPU.ActiveCfg = Release|Any CPU
		{D078C897-33A0-4CD1-BAD6-B2C7FE8C4E2C}.Release|Any CPU.Build.0 = Release|Any CPU
	EndGlobalSection
	GlobalSection(SolutionProperties) = preSolution
		HideSolutionNode = FALSE
	EndGlobalSection
	GlobalSection(ExtensibilityGlobals) = postSolution
		SolutionGuid = {3ADD72F3-BBB6-481D-9D84-CEA078B944F5}
	EndGlobalSection
EndGlobal
